
Microsoft Visual Studio Solution File, Format Version 12.00
# Visual Studio Version 16
VisualStudioVersion = 16.0.29709.97
MinimumVisualStudioVersion = 10.0.40219.1
Project("{9A19103F-16F7-4668-BE54-9A1E7A4F7556}") = "abcBadgeUsesCore", "abcBadgeUsesCore\abcBadgeUsesCore.csproj", "{F4A24A9B-F5AA-444E-816F-3224A9B806F7}"
EndProject
Project("{9A19103F-16F7-4668-BE54-9A1E7A4F7556}") = "AngularTraining", "AngularTraining\AngularTraining.csproj", "{E6980843-966B-4095-872E-B49165DC45AD}"
EndProject
Project("{9A19103F-16F7-4668-BE54-9A1E7A4F7556}") = "React_JS_Training", "React_Js_Training\React_JS_Training.csproj", "{BCECD107-A82F-4FE4-961A-96B3335E4C93}"
EndProject
Project("{9A19103F-16F7-4668-BE54-9A1E7A4F7556}") = "ciBadgeGen_Lib_Core", "..\ciLayout\ciBadgeGen_Core\ciBadgeGen_Lib_Core.csproj", "{AFA4FE6F-19E7-4C8C-B1F3-B76DE0332D14}"
EndProject
Project("{FAE04EC0-301F-11D3-BF4B-00C04F79EFBC}") = "abcBadgeGenAPI_Kubernetes", "abcBadgeGenAPI_Kubernetes\abcBadgeGenAPI_Kubernetes.csproj", "{B20D812C-1A81-4ACD-B653-A6445D5F69B2}"
EndProject
Global
	GlobalSection(SolutionConfigurationPlatforms) = preSolution
		Debug|Any CPU = Debug|Any CPU
		Release|Any CPU = Release|Any CPU
	EndGlobalSection
	GlobalSection(ProjectConfigurationPlatforms) = postSolution
		{F4A24A9B-F5AA-444E-816F-3224A9B806F7}.Debug|Any CPU.ActiveCfg = Debug|Any CPU
		{F4A24A9B-F5AA-444E-816F-3224A9B806F7}.Debug|Any CPU.Build.0 = Debug|Any CPU
		{F4A24A9B-F5AA-444E-816F-3224A9B806F7}.Release|Any CPU.ActiveCfg = Release|Any CPU
		{F4A24A9B-F5AA-444E-816F-3224A9B806F7}.Release|Any CPU.Build.0 = Release|Any CPU
		{E6980843-966B-4095-872E-B49165DC45AD}.Debug|Any CPU.ActiveCfg = Debug|Any CPU
		{E6980843-966B-4095-872E-B49165DC45AD}.Debug|Any CPU.Build.0 = Debug|Any CPU
		{E6980843-966B-4095-872E-B49165DC45AD}.Release|Any CPU.ActiveCfg = Release|Any CPU
		{E6980843-966B-4095-872E-B49165DC45AD}.Release|Any CPU.Build.0 = Release|Any CPU
		{BCECD107-A82F-4FE4-961A-96B3335E4C93}.Debug|Any CPU.ActiveCfg = Debug|Any CPU
		{BCECD107-A82F-4FE4-961A-96B3335E4C93}.Debug|Any CPU.Build.0 = Debug|Any CPU
		{BCECD107-A82F-4FE4-961A-96B3335E4C93}.Release|Any CPU.ActiveCfg = Release|Any CPU
		{BCECD107-A82F-4FE4-961A-96B3335E4C93}.Release|Any CPU.Build.0 = Release|Any CPU
		{AFA4FE6F-19E7-4C8C-B1F3-B76DE0332D14}.Debug|Any CPU.ActiveCfg = Debug|Any CPU
		{AFA4FE6F-19E7-4C8C-B1F3-B76DE0332D14}.Debug|Any CPU.Build.0 = Debug|Any CPU
		{AFA4FE6F-19E7-4C8C-B1F3-B76DE0332D14}.Release|Any CPU.ActiveCfg = Release|Any CPU
		{AFA4FE6F-19E7-4C8C-B1F3-B76DE0332D14}.Release|Any CPU.Build.0 = Release|Any CPU
		{B20D812C-1A81-4ACD-B653-A6445D5F69B2}.Debug|Any CPU.ActiveCfg = Debug|Any CPU
		{B20D812C-1A81-4ACD-B653-A6445D5F69B2}.Debug|Any CPU.Build.0 = Debug|Any CPU
		{B20D812C-1A81-4ACD-B653-A6445D5F69B2}.Release|Any CPU.ActiveCfg = Release|Any CPU
		{B20D812C-1A81-4ACD-B653-A6445D5F69B2}.Release|Any CPU.Build.0 = Release|Any CPU
	EndGlobalSection
	GlobalSection(SolutionProperties) = preSolution
		HideSolutionNode = FALSE
	EndGlobalSection
	GlobalSection(ExtensibilityGlobals) = postSolution
		SolutionGuid = {4F4456E6-4553-4E42-988E-F31C31B5F6E8}
	EndGlobalSection
EndGlobal
